
Microsoft Visual Studio Solution File, Format Version 12.00
Project("{FAE04EC0-301F-11D3-BF4B-00C04F79EFBC}") = "LibraryAPI", "LibraryAPI\LibraryAPI.csproj", "{23C5681D-896B-4EC9-90AE-1FA52CE4A863}"
EndProject
Project("{FAE04EC0-301F-11D3-BF4B-00C04F79EFBC}") = "Entities", "Entities\Entities.csproj", "{BDF6536A-04F2-45F8-A738-7854CEA045BB}"
EndProject
Project("{FAE04EC0-301F-11D3-BF4B-00C04F79EFBC}") = "BusinessLogic", "BusinessLogic\BusinessLogic.csproj", "{1D9BE294-D76A-49FA-A4BE-07763531F1A6}"
EndProject
Global
	GlobalSection(SolutionConfigurationPlatforms) = preSolution
		Debug|Any CPU = Debug|Any CPU
		Release|Any CPU = Release|Any CPU
	EndGlobalSection
	GlobalSection(ProjectConfigurationPlatforms) = postSolution
		{23C5681D-896B-4EC9-90AE-1FA52CE4A863}.Debug|Any CPU.ActiveCfg = Debug|Any CPU
		{23C5681D-896B-4EC9-90AE-1FA52CE4A863}.Debug|Any CPU.Build.0 = Debug|Any CPU
		{23C5681D-896B-4EC9-90AE-1FA52CE4A863}.Release|Any CPU.ActiveCfg = Release|Any CPU
		{23C5681D-896B-4EC9-90AE-1FA52CE4A863}.Release|Any CPU.Build.0 = Release|Any CPU
		{BDF6536A-04F2-45F8-A738-7854CEA045BB}.Debug|Any CPU.ActiveCfg = Debug|Any CPU
		{BDF6536A-04F2-45F8-A738-7854CEA045BB}.Debug|Any CPU.Build.0 = Debug|Any CPU
		{BDF6536A-04F2-45F8-A738-7854CEA045BB}.Release|Any CPU.ActiveCfg = Release|Any CPU
		{BDF6536A-04F2-45F8-A738-7854CEA045BB}.Release|Any CPU.Build.0 = Release|Any CPU
		{1D9BE294-D76A-49FA-A4BE-07763531F1A6}.Debug|Any CPU.ActiveCfg = Debug|Any CPU
		{1D9BE294-D76A-49FA-A4BE-07763531F1A6}.Debug|Any CPU.Build.0 = Debug|Any CPU
		{1D9BE294-D76A-49FA-A4BE-07763531F1A6}.Release|Any CPU.ActiveCfg = Release|Any CPU
		{1D9BE294-D76A-49FA-A4BE-07763531F1A6}.Release|Any CPU.Build.0 = Release|Any CPU
	EndGlobalSection
EndGlobal
